// !$*UTF8*$!
{
	archiveVersion = 1;
	classes = {
	};
	objectVersion = 56;
	objects = {

/* Begin PBXBuildFile section */
		00A3B6BF2C15152C00E34DFD /* Declaration_Manager.c in Sources */ = {isa = PBXBuildFile; fileRef = 00A3B6B22C1514A800E34DFD /* Declaration_Manager.c */; };
		00A3B6C02C15152C00E34DFD /* Manager.c in Sources */ = {isa = PBXBuildFile; fileRef = 00A3B6B32C1514A800E34DFD /* Manager.c */; };
		00A3B6C12C15152C00E34DFD /* lexer.c in Sources */ = {isa = PBXBuildFile; fileRef = 00A3B6B62C1514A800E34DFD /* lexer.c */; };
		00A3B6C42C15152C00E34DFD /* traducteur.c in Sources */ = {isa = PBXBuildFile; fileRef = 00A3B6BC2C1514A800E34DFD /* traducteur.c */; };
		00A3B6C72C15174100E34DFD /* Comment_Manager.c in Sources */ = {isa = PBXBuildFile; fileRef = 00A3B6C62C15174100E34DFD /* Comment_Manager.c */; };
/* End PBXBuildFile section */

/* Begin PBXCopyFilesBuildPhase section */
		00924A5A2C0479E1009AE46A /* CopyFiles */ = {
			isa = PBXCopyFilesBuildPhase;
			buildActionMask = 2147483647;
			dstPath = /usr/share/man/man1/;
			dstSubfolderSpec = 0;
			files = (
			);
			runOnlyForDeploymentPostprocessing = 1;
		};
/* End PBXCopyFilesBuildPhase section */

/* Begin PBXFileReference section */
		00924A5C2C0479E1009AE46A /* C-to-Ocaml */ = {isa = PBXFileReference; explicitFileType = "compiled.mach-o.executable"; includeInIndex = 0; path = "C-to-Ocaml"; sourceTree = BUILT_PRODUCTS_DIR; };
		00A3B6AE2C1514A800E34DFD /* Declaration_Manager.h */ = {isa = PBXFileReference; lastKnownFileType = sourcecode.c.h; path = Declaration_Manager.h; sourceTree = "<group>"; };
		00A3B6AF2C1514A800E34DFD /* Manager.h */ = {isa = PBXFileReference; lastKnownFileType = sourcecode.c.h; path = Manager.h; sourceTree = "<group>"; };
		00A3B6B02C1514A800E34DFD /* Variable_Manager.h */ = {isa = PBXFileReference; lastKnownFileType = sourcecode.c.h; path = Variable_Manager.h; sourceTree = "<group>"; };
		00A3B6B22C1514A800E34DFD /* Declaration_Manager.c */ = {isa = PBXFileReference; lastKnownFileType = sourcecode.c.c; path = Declaration_Manager.c; sourceTree = "<group>"; };
		00A3B6B32C1514A800E34DFD /* Manager.c */ = {isa = PBXFileReference; lastKnownFileType = sourcecode.c.c; path = Manager.c; sourceTree = "<group>"; };
		00A3B6B62C1514A800E34DFD /* lexer.c */ = {isa = PBXFileReference; lastKnownFileType = sourcecode.c.c; path = lexer.c; sourceTree = "<group>"; };
		00A3B6B72C1514A800E34DFD /* lexer.h */ = {isa = PBXFileReference; lastKnownFileType = sourcecode.c.h; path = lexer.h; sourceTree = "<group>"; };
		00A3B6B82C1514A800E34DFD /* main.c */ = {isa = PBXFileReference; lastKnownFileType = sourcecode.c.c; path = main.c; sourceTree = "<group>"; };
		00A3B6B92C1514A800E34DFD /* MP2I_2023-2024_projet_traducteur.pdf */ = {isa = PBXFileReference; lastKnownFileType = image.pdf; path = "MP2I_2023-2024_projet_traducteur.pdf"; sourceTree = "<group>"; };
		00A3B6BA2C1514A800E34DFD /* s.ml */ = {isa = PBXFileReference; lastKnownFileType = text; path = s.ml; sourceTree = "<group>"; };
		00A3B6BC2C1514A800E34DFD /* traducteur.c */ = {isa = PBXFileReference; lastKnownFileType = sourcecode.c.c; path = traducteur.c; sourceTree = "<group>"; };
		00A3B6BD2C1514A800E34DFD /* traducteur.h */ = {isa = PBXFileReference; lastKnownFileType = sourcecode.c.h; path = traducteur.h; sourceTree = "<group>"; };
		00A3B6C52C15174100E34DFD /* Comment_Manager.h */ = {isa = PBXFileReference; lastKnownFileType = sourcecode.c.h; path = Comment_Manager.h; sourceTree = "<group>"; };
		00A3B6C62C15174100E34DFD /* Comment_Manager.c */ = {isa = PBXFileReference; lastKnownFileType = sourcecode.c.c; path = Comment_Manager.c; sourceTree = "<group>"; };
/* End PBXFileReference section */

/* Begin PBXFrameworksBuildPhase section */
		00924A592C0479E1009AE46A /* Frameworks */ = {
			isa = PBXFrameworksBuildPhase;
			buildActionMask = 2147483647;
			files = (
			);
			runOnlyForDeploymentPostprocessing = 0;
		};
/* End PBXFrameworksBuildPhase section */

/* Begin PBXGroup section */
		00924A532C0479E1009AE46A = {
			isa = PBXGroup;
			children = (
				00A3B6BE2C1514A800E34DFD /* C-to-Ocaml */,
				00924A5D2C0479E1009AE46A /* Products */,
			);
			sourceTree = "<group>";
		};
		00924A5D2C0479E1009AE46A /* Products */ = {
			isa = PBXGroup;
			children = (
				00924A5C2C0479E1009AE46A /* C-to-Ocaml */,
			);
			name = Products;
			sourceTree = "<group>";
		};
		00A3B6B12C1514A800E34DFD /* Headers */ = {
			isa = PBXGroup;
			children = (
				00A3B6C52C15174100E34DFD /* Comment_Manager.h */,
				00A3B6AE2C1514A800E34DFD /* Declaration_Manager.h */,
				00A3B6AF2C1514A800E34DFD /* Manager.h */,
				00A3B6B02C1514A800E34DFD /* Variable_Manager.h */,
			);
			path = Headers;
			sourceTree = "<group>";
		};
		00A3B6B42C1514A800E34DFD /* src */ = {
			isa = PBXGroup;
			children = (
				00A3B6B22C1514A800E34DFD /* Declaration_Manager.c */,
				00A3B6B32C1514A800E34DFD /* Manager.c */,
				00A3B6C62C15174100E34DFD /* Comment_Manager.c */,
			);
			path = src;
			sourceTree = "<group>";
		};
		00A3B6B52C1514A800E34DFD /* Manager */ = {
			isa = PBXGroup;
			children = (
				00A3B6B12C1514A800E34DFD /* Headers */,
				00A3B6B42C1514A800E34DFD /* src */,
			);
			path = Manager;
			sourceTree = "<group>";
		};
		00A3B6BE2C1514A800E34DFD /* C-to-Ocaml */ = {
			isa = PBXGroup;
			children = (
				00A3B6B52C1514A800E34DFD /* Manager */,
				00A3B6B62C1514A800E34DFD /* lexer.c */,
				00A3B6B72C1514A800E34DFD /* lexer.h */,
				00A3B6B82C1514A800E34DFD /* main.c */,
				00A3B6B92C1514A800E34DFD /* MP2I_2023-2024_projet_traducteur.pdf */,
				00A3B6BA2C1514A800E34DFD /* s.ml */,
				00A3B6BC2C1514A800E34DFD /* traducteur.c */,
				00A3B6BD2C1514A800E34DFD /* traducteur.h */,
			);
			path = "C-to-Ocaml";
			sourceTree = "<group>";
		};
/* End PBXGroup section */

/* Begin PBXNativeTarget section */
		00924A5B2C0479E1009AE46A /* C-to-Ocaml */ = {
			isa = PBXNativeTarget;
			buildConfigurationList = 00924A632C0479E1009AE46A /* Build configuration list for PBXNativeTarget "C-to-Ocaml" */;
			buildPhases = (
				00924A582C0479E1009AE46A /* Sources */,
				00924A592C0479E1009AE46A /* Frameworks */,
				00924A5A2C0479E1009AE46A /* CopyFiles */,
			);
			buildRules = (
			);
			dependencies = (
			);
			name = "C-to-Ocaml";
			productName = "C-to-Ocaml";
			productReference = 00924A5C2C0479E1009AE46A /* C-to-Ocaml */;
			productType = "com.apple.product-type.tool";
		};
/* End PBXNativeTarget section */

/* Begin PBXProject section */
		00924A542C0479E1009AE46A /* Project object */ = {
			isa = PBXProject;
			attributes = {
				BuildIndependentTargetsInParallel = 1;
				LastUpgradeCheck = 1540;
				TargetAttributes = {
					00924A5B2C0479E1009AE46A = {
						CreatedOnToolsVersion = 15.4;
					};
				};
			};
			buildConfigurationList = 00924A572C0479E1009AE46A /* Build configuration list for PBXProject "C-to-Ocaml" */;
			compatibilityVersion = "Xcode 14.0";
			developmentRegion = en;
			hasScannedForEncodings = 0;
			knownRegions = (
				en,
				Base,
			);
			mainGroup = 00924A532C0479E1009AE46A;
			productRefGroup = 00924A5D2C0479E1009AE46A /* Products */;
			projectDirPath = "";
			projectRoot = "";
			targets = (
				00924A5B2C0479E1009AE46A /* C-to-Ocaml */,
			);
		};
/* End PBXProject section */

/* Begin PBXSourcesBuildPhase section */
		00924A582C0479E1009AE46A /* Sources */ = {
			isa = PBXSourcesBuildPhase;
			buildActionMask = 2147483647;
			files = (
				00A3B6BF2C15152C00E34DFD /* Declaration_Manager.c in Sources */,
				00A3B6C02C15152C00E34DFD /* Manager.c in Sources */,
				00A3B6C12C15152C00E34DFD /* lexer.c in Sources */,
				00A3B6C72C15174100E34DFD /* Comment_Manager.c in Sources */,
				00A3B6C42C15152C00E34DFD /* traducteur.c in Sources */,
			);
			runOnlyForDeploymentPostprocessing = 0;
		};
/* End PBXSourcesBuildPhase section */

/* Begin XCBuildConfiguration section */
		00924A612C0479E1009AE46A /* Debug */ = {
			isa = XCBuildConfiguration;
			buildSettings = {
				ALWAYS_SEARCH_USER_PATHS = NO;
				ASSETCATALOG_COMPILER_GENERATE_SWIFT_ASSET_SYMBOL_EXTENSIONS = YES;
				CLANG_ANALYZER_NONNULL = YES;
				CLANG_ANALYZER_NUMBER_OBJECT_CONVERSION = YES_AGGRESSIVE;
				CLANG_CXX_LANGUAGE_STANDARD = "gnu++20";
				CLANG_ENABLE_MODULES = YES;
				CLANG_ENABLE_OBJC_ARC = YES;
				CLANG_ENABLE_OBJC_WEAK = YES;
				CLANG_WARN_BLOCK_CAPTURE_AUTORELEASING = YES;
				CLANG_WARN_BOOL_CONVERSION = YES;
				CLANG_WARN_COMMA = YES;
				CLANG_WARN_CONSTANT_CONVERSION = YES;
				CLANG_WARN_DEPRECATED_OBJC_IMPLEMENTATIONS = YES;
				CLANG_WARN_DIRECT_OBJC_ISA_USAGE = YES_ERROR;
				CLANG_WARN_DOCUMENTATION_COMMENTS = YES;
				CLANG_WARN_EMPTY_BODY = YES;
				CLANG_WARN_ENUM_CONVERSION = YES;
				CLANG_WARN_INFINITE_RECURSION = YES;
				CLANG_WARN_INT_CONVERSION = YES;
				CLANG_WARN_NON_LITERAL_NULL_CONVERSION = YES;
				CLANG_WARN_OBJC_IMPLICIT_RETAIN_SELF = YES;
				CLANG_WARN_OBJC_LITERAL_CONVERSION = YES;
				CLANG_WARN_OBJC_ROOT_CLASS = YES_ERROR;
				CLANG_WARN_QUOTED_INCLUDE_IN_FRAMEWORK_HEADER = YES;
				CLANG_WARN_RANGE_LOOP_ANALYSIS = YES;
				CLANG_WARN_STRICT_PROTOTYPES = YES;
				CLANG_WARN_SUSPICIOUS_MOVE = YES;
				CLANG_WARN_UNGUARDED_AVAILABILITY = YES_AGGRESSIVE;
				CLANG_WARN_UNREACHABLE_CODE = YES;
				CLANG_WARN__DUPLICATE_METHOD_MATCH = YES;
				COPY_PHASE_STRIP = NO;
				DEBUG_INFORMATION_FORMAT = dwarf;
				ENABLE_STRICT_OBJC_MSGSEND = YES;
				ENABLE_TESTABILITY = YES;
				ENABLE_USER_SCRIPT_SANDBOXING = YES;
				GCC_C_LANGUAGE_STANDARD = gnu17;
				GCC_DYNAMIC_NO_PIC = NO;
				GCC_NO_COMMON_BLOCKS = YES;
				GCC_OPTIMIZATION_LEVEL = 0;
				GCC_PREPROCESSOR_DEFINITIONS = (
					"DEBUG=1",
					"$(inherited)",
				);
				GCC_WARN_64_TO_32_BIT_CONVERSION = YES;
				GCC_WARN_ABOUT_RETURN_TYPE = YES_ERROR;
				GCC_WARN_UNDECLARED_SELECTOR = YES;
				GCC_WARN_UNINITIALIZED_AUTOS = YES_AGGRESSIVE;
				GCC_WARN_UNUSED_FUNCTION = YES;
				GCC_WARN_UNUSED_VARIABLE = YES;
				LOCALIZATION_PREFERS_STRING_CATALOGS = YES;
				MACOSX_DEPLOYMENT_TARGET = 14.5;
				MTL_ENABLE_DEBUG_INFO = INCLUDE_SOURCE;
				MTL_FAST_MATH = YES;
				ONLY_ACTIVE_ARCH = YES;
				SDKROOT = macosx;
			};
			name = Debug;
		};
		00924A622C0479E1009AE46A /* Release */ = {
			isa = XCBuildConfiguration;
			buildSettings = {
				ALWAYS_SEARCH_USER_PATHS = NO;
				ASSETCATALOG_COMPILER_GENERATE_SWIFT_ASSET_SYMBOL_EXTENSIONS = YES;
				CLANG_ANALYZER_NONNULL = YES;
				CLANG_ANALYZER_NUMBER_OBJECT_CONVERSION = YES_AGGRESSIVE;
				CLANG_CXX_LANGUAGE_STANDARD = "gnu++20";
				CLANG_ENABLE_MODULES = YES;
				CLANG_ENABLE_OBJC_ARC = YES;
				CLANG_ENABLE_OBJC_WEAK = YES;
				CLANG_WARN_BLOCK_CAPTURE_AUTORELEASING = YES;
				CLANG_WARN_BOOL_CONVERSION = YES;
				CLANG_WARN_COMMA = YES;
				CLANG_WARN_CONSTANT_CONVERSION = YES;
				CLANG_WARN_DEPRECATED_OBJC_IMPLEMENTATIONS = YES;
				CLANG_WARN_DIRECT_OBJC_ISA_USAGE = YES_ERROR;
				CLANG_WARN_DOCUMENTATION_COMMENTS = YES;
				CLANG_WARN_EMPTY_BODY = YES;
				CLANG_WARN_ENUM_CONVERSION = YES;
				CLANG_WARN_INFINITE_RECURSION = YES;
				CLANG_WARN_INT_CONVERSION = YES;
				CLANG_WARN_NON_LITERAL_NULL_CONVERSION = YES;
				CLANG_WARN_OBJC_IMPLICIT_RETAIN_SELF = YES;
				CLANG_WARN_OBJC_LITERAL_CONVERSION = YES;
				CLANG_WARN_OBJC_ROOT_CLASS = YES_ERROR;
				CLANG_WARN_QUOTED_INCLUDE_IN_FRAMEWORK_HEADER = YES;
				CLANG_WARN_RANGE_LOOP_ANALYSIS = YES;
				CLANG_WARN_STRICT_PROTOTYPES = YES;
				CLANG_WARN_SUSPICIOUS_MOVE = YES;
				CLANG_WARN_UNGUARDED_AVAILABILITY = YES_AGGRESSIVE;
				CLANG_WARN_UNREACHABLE_CODE = YES;
				CLANG_WARN__DUPLICATE_METHOD_MATCH = YES;
				COPY_PHASE_STRIP = NO;
				DEBUG_INFORMATION_FORMAT = "dwarf-with-dsym";
				ENABLE_NS_ASSERTIONS = NO;
				ENABLE_STRICT_OBJC_MSGSEND = YES;
				ENABLE_USER_SCRIPT_SANDBOXING = YES;
				GCC_C_LANGUAGE_STANDARD = gnu17;
				GCC_NO_COMMON_BLOCKS = YES;
				GCC_WARN_64_TO_32_BIT_CONVERSION = YES;
				GCC_WARN_ABOUT_RETURN_TYPE = YES_ERROR;
				GCC_WARN_UNDECLARED_SELECTOR = YES;
				GCC_WARN_UNINITIALIZED_AUTOS = YES_AGGRESSIVE;
				GCC_WARN_UNUSED_FUNCTION = YES;
				GCC_WARN_UNUSED_VARIABLE = YES;
				LOCALIZATION_PREFERS_STRING_CATALOGS = YES;
				MACOSX_DEPLOYMENT_TARGET = 14.5;
				MTL_ENABLE_DEBUG_INFO = NO;
				MTL_FAST_MATH = YES;
				SDKROOT = macosx;
			};
			name = Release;
		};
		00924A642C0479E1009AE46A /* Debug */ = {
			isa = XCBuildConfiguration;
			buildSettings = {
				CODE_SIGN_STYLE = Automatic;
				DEVELOPMENT_TEAM = 9DLR2PXWFY;
				ENABLE_HARDENED_RUNTIME = YES;
				PRODUCT_NAME = "$(TARGET_NAME)";
			};
			name = Debug;
		};
		00924A652C0479E1009AE46A /* Release */ = {
			isa = XCBuildConfiguration;
			buildSettings = {
				CODE_SIGN_STYLE = Automatic;
				DEVELOPMENT_TEAM = 9DLR2PXWFY;
				ENABLE_HARDENED_RUNTIME = YES;
				PRODUCT_NAME = "$(TARGET_NAME)";
			};
			name = Release;
		};
/* End XCBuildConfiguration section */

/* Begin XCConfigurationList section */
		00924A572C0479E1009AE46A /* Build configuration list for PBXProject "C-to-Ocaml" */ = {
			isa = XCConfigurationList;
			buildConfigurations = (
				00924A612C0479E1009AE46A /* Debug */,
				00924A622C0479E1009AE46A /* Release */,
			);
			defaultConfigurationIsVisible = 0;
			defaultConfigurationName = Release;
		};
		00924A632C0479E1009AE46A /* Build configuration list for PBXNativeTarget "C-to-Ocaml" */ = {
			isa = XCConfigurationList;
			buildConfigurations = (
				00924A642C0479E1009AE46A /* Debug */,
				00924A652C0479E1009AE46A /* Release */,
			);
			defaultConfigurationIsVisible = 0;
			defaultConfigurationName = Release;
		};
/* End XCConfigurationList section */
	};
	rootObject = 00924A542C0479E1009AE46A /* Project object */;
}
